github.com/alexedwards/scs/goredisstore v0.0.0-20251002162104-209de6e426de h1:DGAYeKmY1cUjNbNe1Fu4VG1Sxz+CtC3ahudm6c19NyM=
github.com/alexedwards/scs/goredisstore v0.0.0-20251002162104-209de6e426de/go.mod h1:ovMqA1cbRPYuGLSeyFGmD8HbbfzN5hXG4WahAmkf/5A=
github.com/alexedwards/scs/v2 v2.9.0 h1:xa05mVpwTBm1iLeTMNFfAWpKUm4fXAW7CeAViqBVS90=
github.com/alexedwards/scs/v2 v2.9.0/go.mod h1:ToaROZxyKukJKT/xLcVQAChi5k6+Pn1Gvmdl7h3RRj8=
github.com/boj/redistore/v2 v2.0.1 h1:1WJdk8p7A1W7B4d+ES19fB+QRVcqUcE8NxDQ8nR6Z/Y=
github.com/boj/redistore/v2 v2.0.1/go.mod h1:OTJuHPBSjagveT8XIRY0ft2woeYHkU0mTK3iQNUG9kw=
github.com/bsm/ginkgo/v2 v2.5.0/go.mod h1:AiKlXPm7ItEHNc/2+OkrNG4E0ITzojb9/xWzvQ9XZ9w=
github.com/bsm/gomega v1.20.0/go.mod h1:JifAceMQ4crZIWYUKrlGcmbN3bqHogVTADMD2ATsbwk=
github.com/cespare/xxhash/v2 v2.2.0/go.mod h1:VGX0DQ3Q6kWi7AoAeZDth3/j3BFtOZR5XLFGgcrjCOs=
github.com/cespare/xxhash/v2 v2.3.0 h1:UL815xU9SqsFlibzuggzjXhog7bL6oX9BbNZnL2UFvs=
github.com/cespare/xxhash/v2 v2.3.0/go.mod h1:VGX0DQ3Q6kWi7AoAeZDth3/j3BFtOZR5XLFGgcrjCOs=
github.com/davecgh/go-spew v1.1.0/go.mod h1:J7Y8YcW2NihsgmVo/mv3lAwl/skON4iLHjSsI+c5H38=
github.com/davecgh/go-spew v1.1.1/go.mod h1:J7Y8YcW2NihsgmVo/mv3lAwl/skON4iLHjSsI+c5H38=
github.com/dgryski/go-rendezvous v0.0.0-20200823014737-9f7001d12a5f h1:lO4WD4F/rVNCu3HqELle0jiPLLBs70cWOduZpkS1E78=
github.com/dgryski/go-rendezvous v0.0.0-20200823014737-9f7001d12a5f/go.mod h1:cuUVRXasLTGF7a8hSLbxyZXjz+1KgoB3wDUb6vlszIc=
github.com/go-chi/chi/v5 v5.3.1 h1:3j4HZLGZQ3JpMCrPJF/Jl3mYJfWLKBfNJ6quurUGCf8=
github.com/go-chi/chi/v5 v5.3.1/go.mod h1:R+tYY2hNuVUUjxoPtqUdgBqevM9s9njzkTLutVsOCto=
github.com/golang-migrate/migrate/v4 v4.19.1 h1:OCyb44lFuQfYXYLx1SCxPZQGU7mcaZ7gH9yH4jSFbBA=
github.com/golang-migrate/migrate/v4 v4.19.1/go.mod h1:CTcgfjxhaUtsLipnLoQRWCrjYXycRz/g5+RWDuYgPrE=
github.com/gomodule/redigo v1.9.3 h1:dNPSXeXv6HCq2jdyWfjgmhBdqnR6PRO3m/G05nvpPC8=
github.com/gomodule/redigo v1.9.3/go.mod h1:KsU3hiK/Ay8U42qpaJk+kuNa3C+spxapWpM+ywhcgtw=
github.com/gorilla/securecookie v1.1.2 h1:YCIWL56dvtr73r6715mJs5ZvhtnY73hBvEF8kXD8ePA=
github.com/gorilla/securecookie v1.1.2/go.mod h1:NfCASbcHqRSY+3a8tlWJwsQap2VX5pwzwo4h3eOamfo=
github.com/gorilla/sessions v1.4.0 h1:kpIYOp/oi6MG/p5PgxApU8srsSw9tuFbt46Lt7auzqQ=
github.com/gorilla/sessions v1.4.0/go.mod h1:FLWm50oby91+hl7p/wRxDth9bWSuk0qVL2emc7lT5ik=
github.com/jackc/pgerrcode v0.0.0-20250907135507-afb5586c32a6 h1:D/V0gu4zQ3cL2WKeVNVM4r2gLxGGf6McLwgXzRTo2RQ=
github.com/jackc/pgerrcode v0.0.0-20250907135507-afb5586c32a6/go.mod h1:a/s9Lp5W7n/DD0VrVoyJ00FbP2ytTPDVOivvn2bMlds=
github.com/jackc/pgpassfile v1.0.0 h1:/6Hmqy13Ss2zCq62VdNG8tM1wchn8zjSGOBJ6icpsIM=
github.com/jackc/pgpassfile v1.0.0/go.mod h1:CEx0iS5ambNFdcRtxPj5JhEz+xB6uRky5eyVu/W2HEg=
github.com/jackc/pgservicefile v0.0.0-20240606120523-5a60cdf6a761 h1:iCEnooe7UlwOQYpKFhBabPMi4aNAfoODPEFNiAnClxo=
github.com/jackc/pgservicefile v0.0.0-20240606120523-5a60cdf6a761/go.mod h1:5TJZWKEWniPve33vlWYSoGYefn3gLQRzjfDlhSJ9ZKM=
github.com/jackc/pgx v3.6.2+incompatible h1:2zP5OD7kiyR3xzRYMhOcXVvkDZsImVXfj+yIyTQf3/o=
github.com/jackc/pgx v3.6.2+incompatible/go.mod h1:0ZGrqGqkRlliWnWB4zKnWtjbSWbGkVEFm4TeybAXq+I=
github.com/jackc/pgx/v5 v5.10.0 h1:VhSvgU2jSli8o3AqIEOTJr7rZwAEUVo4E4XhR94Zfr0=
github.com/jackc/pgx/v5 v5.10.0/go.mod h1:mal1tBGAFfLHvZzaYh77YS/eC6IX9OWbRV1QIIM0Jn4=
github.com/jackc/puddle/v2 v2.2.2 h1:PR8nw+E/1w0GLuRFSmiioY6UooMp6KJv0/61nB7icHo=
github.com/jackc/puddle/v2 v2.2.2/go.mod h1:vriiEXHvEE654aYKXXjOvZM39qJ0q+azkZFrfEOc3H4=
github.com/lib/pq v1.12.3 h1:tTWxr2YLKwIvK90ZXEw8GP7UFHtcbTtty8zsI+YjrfQ=
github.com/lib/pq v1.12.3/go.mod h1:/p+8NSbOcwzAEI7wiMXFlgydTwcgTr3OSKMsD2BitpA=
github.com/pkg/errors v0.9.1 h1:FEBLx1zS214owpjy7qsBeixbURkuhQAwrK5UwLGTwt4=
github.com/pkg/errors v0.9.1/go.mod h1:bwawxfHBFNV+L2hUp1rHADufV3IMtnDRdf1r5NINEl0=
github.com/pmezard/go-difflib v1.0.0/go.mod h1:iKH77koFhYxTK1pcRnkKkqfTogsbg7gZNVY4sRDYZ/4=
github.com/rbcervilla/redisstore/v9 v9.0.0 h1:wOPbBaydbdxzi1gTafDftCI/Z7vnsXw0QDPCuhiMG0g=
github.com/rbcervilla/redisstore/v9 v9.0.0/go.mod h1:q/acLpoKkTZzIsBYt0R4THDnf8W/BH6GjQYvxDSSfdI=
github.com/redis/go-redis/v9 v9.0.2 h1:BA426Zqe/7r56kCcvxYLWe1mkaz71LKF77GwgFzSxfE=
github.com/redis/go-redis/v9 v9.0.2/go.mod h1:/xDTe9EF1LM61hek62Poq2nzQSGj0xSrEtEHbBQevps=
github.com/redis/go-redis/v9 v9.6.3 h1:8Dr5ygF1QFXRxIH/m3Xg9MMG1rS8YCtAgosrsewT6i0=
github.com/redis/go-redis/v9 v9.6.3/go.mod h1:0C0c6ycQsdpVNQpxb1njEQIqkx5UcsM8FJCQLgE9+RA=
github.com/stretchr/objx v0.1.0/go.mod h1:HFkY916IF+rwdDfMAkV7OtwuqBVzrE8GR6GFx+wExME=
github.com/stretchr/objx v0.4.0/go.mod h1:YvHI0jy2hoMjB+UWwv71VJQ9isScKT/TqJzVSSt89Yw=
github.com/stretchr/objx v0.5.0/go.mod h1:Yh+to48EsGEfYuaHDzXPcE3xhTkx73EhmCGUpEOglKo=
github.com/stretchr/testify v1.3.0/go.mod h1:M5WIy9Dh21IEIfnGCwXGc5bZfKNJtfHm1UVUgZn+9EI=
github.com/stretchr/testify v1.7.0/go.mod h1:6Fq8oRcR53rry900zMqJjRRixrwX3KX962/h/Wwjteg=
github.com/stretchr/testify v1.7.1/go.mod h1:6Fq8oRcR53rry900zMqJjRRixrwX3KX962/h/Wwjteg=
github.com/stretchr/testify v1.8.0/go.mod h1:yNjHg4UonilssWZ8iaSj1OCr/vHnekPRkoO+kdMU+MU=
github.com/stretchr/testify v1.8.1/go.mod h1:w2LPCIKwWwSfY2zedu0+kehJoqGctiVI29o6fzry7u4=
github.com/stretchr/testify v1.12.1 h1:EuwCh5fleGS7H32xRwO3wRGT7DxrDhLAT6FF8MpWDWE=
github.com/stretchr/testify v1.12.1/go.mod h1:MDEgiDPPsNp5cuIrHPPCyornHKgEVbtFUmoNlxoYthg=
go.yaml.in/yaml/v3 v3.0.5 h1:N6y/pJk8buWs9NY5ERU2HSMfm+IuD/OtfdAnq6kESPw=
go.yaml.in/yaml/v3 v3.0.5/go.mod h1:HVTZu1O7/Vkt2N+BFy8Zza+lnLsABggaTM2ZpNIGuKg=
golang.org/x/crypto v0.45.0 h1:jMBrvKuj23MTlT0bQEOBcAE0mjg8mK9RXFhRH6nyF3Q=
golang.org/x/crypto v0.45.0/go.mod h1:XTGrrkGJve7CYK7J8PEww4aY7gM3qMCElcJQ8n8JdX4=
golang.org/x/crypto v0.54.0 h1:YLIA59K4fiNzHzjnZt2tUJQjQtUWfWbeHBqKtk3eScw=
golang.org/x/crypto v0.54.0/go.mod h1:KWL8ny2AZdGR2cWmzeHrp2azQPGogOv+HeQaVEXC2dk=
golang.org/x/sync v0.18.0 h1:kr88TuHDroi+UVf+0hZnirlk8o8T+4MrK6mr60WkH/I=
golang.org/x/sync v0.18.0/go.mod h1:9KTHXmSnoGruLpwFjVSX0lNNA75CykiMECbovNTZqGI=
golang.org/x/sync v0.22.0 h1:SZjpbeLmrCk4xhRSZFNZW5gFUeCeFgjekvI/+gfScek=
golang.org/x/sync v0.22.0/go.mod h1:9xrNwdLfx4jkKbNva9FpL6vEN7evnE43NNNJQ2LF3+0=
golang.org/x/text v0.31.0 h1:aC8ghyu4JhP8VojJ2lEHBnochRno1sgL6nEi9WGFGMM=
golang.org/x/text v0.31.0/go.mod h1:tKRAlv61yKIjGGHX/4tP1LTbc13YSec1pxVEWXzfoeM=
golang.org/x/text v0.40.0 h1:Ub2Z6/xjgF1WrYQz2nuITOEegKFtiIy+rieRJ5lHZKs=
golang.org/x/text v0.40.0/go.mod h1:hpnzDAfGV753zIKo+wk3u1bVKCGPbrnF7+7LBF/UHVY=
gopkg.in/check.v1 v0.0.0-20161208181325-20d25e280405/go.mod h1:Co6ibVJAznAaIkqp8huTwlJQCZ016jof/cbN4VW5Yz0=
gopkg.in/yaml.v3 v3.0.0-20200313102051-9f266ea9e77c/go.mod h1:K4uyk7z7BCEPqu6E+C64Yfv1cQ7kz7rIZviUmN+EgEM=
gopkg.in/yaml.v3 v3.0.1 h1:fxVm/GzAzEWqLHuvctI91KS9hhNmmWOoWu0XTYJS7CA=
gopkg.in/yaml.v3 v3.0.1/go.mod h1:K4uyk7z7BCEPqu6E+C64Yfv1cQ7kz7rIZviUmN+EgEM=
